{
  "name": "mapa",
  "version": "1.0.0",
  "lockfileVersion": 2,
  "requires": true,
  "packages": {
    "": {
      "name": "mapa",
      "version": "1.0.0",
      "license": "ISC",
      "dependencies": {
        "file-system": "^1.2.2",
        "fs": "^0.0.1-security"
      },
      "devDependencies": {}
    },
    "node_modules/file-system": {
      "version": "1.2.2",
      "license": "ISC"
    },
    "node_modules/fs": {
      "version": "0.0.1-security",
      "resolved": "https://registry.npmjs.org/fs/-/fs-0.0.1-security.tgz",
      "integrity": "sha1-invTcYa23d84E/I4WLV+yq9eQdQ="
    }
  },
  "dependencies": {
    "file-system": {
      "version": "1.2.2"
    },
    "fs": {
      "version": "0.0.1-security",
      "resolved": "https://registry.npmjs.org/fs/-/fs-0.0.1-security.tgz",
      "integrity": "sha1-invTcYa23d84E/I4WLV+yq9eQdQ="
    }
  }
}
